
Microsoft Visual Studio Solution File, Format Version 12.00
# Visual Studio 15
VisualStudioVersion = 15.0.28307.106
MinimumVisualStudioVersion = 10.0.40219.1
Project("{FAE04EC0-301F-11D3-BF4B-00C04F79EFBC}") = "Métodos de Ordenação", "Métodos de Ordenação\Métodos de Ordenação.csproj", "{8C25E835-C76C-402C-B837-F4449D244A39}"
EndProject
Global
	GlobalSection(SolutionConfigurationPlatforms) = preSolution
		Debug|Any CPU = Debug|Any CPU
		Release|Any CPU = Release|Any CPU
	EndGlobalSection
	GlobalSection(ProjectConfigurationPlatforms) = postSolution
		{8C25E835-C76C-402C-B837-F4449D244A39}.Debug|Any CPU.ActiveCfg = Debug|Any CPU
		{8C25E835-C76C-402C-B837-F4449D244A39}.Debug|Any CPU.Build.0 = Debug|Any CPU
		{8C25E835-C76C-402C-B837-F4449D244A39}.Release|Any CPU.ActiveCfg = Release|Any CPU
		{8C25E835-C76C-402C-B837-F4449D244A39}.Release|Any CPU.Build.0 = Release|Any CPU
	EndGlobalSection
	GlobalSection(SolutionProperties) = preSolution
		HideSolutionNode = FALSE
	EndGlobalSection
	GlobalSection(ExtensibilityGlobals) = postSolution
		SolutionGuid = {4B00E701-C528-49BC-A5D1-4AEA43938AA8}
	EndGlobalSection
EndGlobal
